
Microsoft Visual Studio Solution File, Format Version 12.00
# Visual Studio Version 17
VisualStudioVersion = 17.1.32228.430
MinimumVisualStudioVersion = 10.0.40219.1
Project("{2150E333-8FDC-42A3-9474-1A3956D46DE8}") = "src", "src", "{3AF00729-1F6D-45F0-9E11-1EBF390AC29C}"
EndProject
Project("{2150E333-8FDC-42A3-9474-1A3956D46DE8}") = "Api", "Api", "{82AA052C-CC5F-4C88-A22A-5EE321BD106D}"
EndProject
Project("{2150E333-8FDC-42A3-9474-1A3956D46DE8}") = "Clients", "Clients", "{FF658A93-D96F-4C76-8313-2A2C2C7A7941}"
EndProject
Project("{2150E333-8FDC-42A3-9474-1A3956D46DE8}") = "Common", "Common", "{353E15DC-8D23-4A5D-A861-3F40DCD7039B}"
EndProject
Project("{2150E333-8FDC-42A3-9474-1A3956D46DE8}") = "Projections", "Projections", "{541466F2-B124-4140-B89A-53F1210FDFB1}"
EndProject
Project("{2150E333-8FDC-42A3-9474-1A3956D46DE8}") = "Core", "Core", "{50F027DD-26CC-4E7D-A820-9176EE6864D8}"
EndProject
Project("{2150E333-8FDC-42A3-9474-1A3956D46DE8}") = "Infrastructure", "Infrastructure", "{6AB30134-465C-41A6-B1AA-62B43DE758C2}"
EndProject
Project("{2150E333-8FDC-42A3-9474-1A3956D46DE8}") = "WebApi", "WebApi", "{80FFD3D7-94E0-4F92-8E21-B004961E9B9A}"
EndProject
Project("{2150E333-8FDC-42A3-9474-1A3956D46DE8}") = "BlazorWeb", "BlazorWeb", "{22E98B0B-CA1A-4332-B7F8-D145FD1482BF}"
EndProject
Project("{FAE04EC0-301F-11D3-BF4B-00C04F79EFBC}") = "BlazorSozluk.Common", "src\Common\BlazorSozluk.Common\BlazorSozluk.Common.csproj", "{18240249-9F96-4D42-AE1A-B7C211D1B188}"
EndProject
Project("{FAE04EC0-301F-11D3-BF4B-00C04F79EFBC}") = "BlazorSozluk.Api.Domain", "src\Api\Core\BlazorSozluk.Api.Domain\BlazorSozluk.Api.Domain.csproj", "{04DB6E16-FAF3-45FF-9271-33FB517A7EC4}"
EndProject
Project("{FAE04EC0-301F-11D3-BF4B-00C04F79EFBC}") = "BlazorSozluk.Api.Application", "src\Api\Core\BlazorSozluk.Api.Application\BlazorSozluk.Api.Application.csproj", "{1B2ED144-5735-44C4-BB79-6522030D5564}"
EndProject
Project("{FAE04EC0-301F-11D3-BF4B-00C04F79EFBC}") = "BlazorSozluk.Infrastructure.Persistence", "src\Api\Infrastructure\BlazorSozluk.Infrastructure.Persistence\BlazorSozluk.Infrastructure.Persistence.csproj", "{603E4E70-D22A-4047-9B1E-585DC895653D}"
EndProject
Project("{FAE04EC0-301F-11D3-BF4B-00C04F79EFBC}") = "BlazorSozluk.Api.WebApi", "src\Api\WebApi\BlazorSozluk.Api.WebApi\BlazorSozluk.Api.WebApi.csproj", "{938E51EE-5C9F-44B8-9791-F05C3EBA2316}"
EndProject
Project("{FAE04EC0-301F-11D3-BF4B-00C04F79EFBC}") = "BlazorSozluk.Projections.FavoriteService", "src\Projections\BlazorSozluk.Projections.FavoriteService\BlazorSozluk.Projections.FavoriteService.csproj", "{CE184DD7-12E8-40DE-9ED0-69F22C4E1C43}"
EndProject
Project("{FAE04EC0-301F-11D3-BF4B-00C04F79EFBC}") = "BlazorSozluk.Projections.UserService", "src\Projections\BlazorSozluk.Projections.User\BlazorSozluk.Projections.UserService.csproj", "{66D51896-0B51-4CBF-BDA8-8FF06E8E6479}"
EndProject
Project("{FAE04EC0-301F-11D3-BF4B-00C04F79EFBC}") = "BlazorSozluk.Projections.VoteService", "src\Projections\BlazorSozluk.Projections.VoteService\BlazorSozluk.Projections.VoteService.csproj", "{826CDB35-DEB7-4CD7-A67B-40AFE8A1EF64}"
EndProject
Project("{FAE04EC0-301F-11D3-BF4B-00C04F79EFBC}") = "BlazorSozluk.WebApp", "src\Clients\BlazorWeb\BlazorSozluk.WebApp\BlazorSozluk.WebApp.csproj", "{582B335C-2CFE-4812-91A2-505007043918}"
EndProject
Global
	GlobalSection(SolutionConfigurationPlatforms) = preSolution
		Debug|Any CPU = Debug|Any CPU
		Release|Any CPU = Release|Any CPU
	EndGlobalSection
	GlobalSection(ProjectConfigurationPlatforms) = postSolution
		{18240249-9F96-4D42-AE1A-B7C211D1B188}.Debug|Any CPU.ActiveCfg = Debug|Any CPU
		{18240249-9F96-4D42-AE1A-B7C211D1B188}.Debug|Any CPU.Build.0 = Debug|Any CPU
		{18240249-9F96-4D42-AE1A-B7C211D1B188}.Release|Any CPU.ActiveCfg = Release|Any CPU
		{18240249-9F96-4D42-AE1A-B7C211D1B188}.Release|Any CPU.Build.0 = Release|Any CPU
		{04DB6E16-FAF3-45FF-9271-33FB517A7EC4}.Debug|Any CPU.ActiveCfg = Debug|Any CPU
		{04DB6E16-FAF3-45FF-9271-33FB517A7EC4}.Debug|Any CPU.Build.0 = Debug|Any CPU
		{04DB6E16-FAF3-45FF-9271-33FB517A7EC4}.Release|Any CPU.ActiveCfg = Release|Any CPU
		{04DB6E16-FAF3-45FF-9271-33FB517A7EC4}.Release|Any CPU.Build.0 = Release|Any CPU
		{1B2ED144-5735-44C4-BB79-6522030D5564}.Debug|Any CPU.ActiveCfg = Debug|Any CPU
		{1B2ED144-5735-44C4-BB79-6522030D5564}.Debug|Any CPU.Build.0 = Debug|Any CPU
		{1B2ED144-5735-44C4-BB79-6522030D5564}.Release|Any CPU.ActiveCfg = Release|Any CPU
		{1B2ED144-5735-44C4-BB79-6522030D5564}.Release|Any CPU.Build.0 = Release|Any CPU
		{603E4E70-D22A-4047-9B1E-585DC895653D}.Debug|Any CPU.ActiveCfg = Debug|Any CPU
		{603E4E70-D22A-4047-9B1E-585DC895653D}.Debug|Any CPU.Build.0 = Debug|Any CPU
		{603E4E70-D22A-4047-9B1E-585DC895653D}.Release|Any CPU.ActiveCfg = Release|Any CPU
		{603E4E70-D22A-4047-9B1E-585DC895653D}.Release|Any CPU.Build.0 = Release|Any CPU
		{938E51EE-5C9F-44B8-9791-F05C3EBA2316}.Debug|Any CPU.ActiveCfg = Debug|Any CPU
		{938E51EE-5C9F-44B8-9791-F05C3EBA2316}.Debug|Any CPU.Build.0 = Debug|Any CPU
		{938E51EE-5C9F-44B8-9791-F05C3EBA2316}.Release|Any CPU.ActiveCfg = Release|Any CPU
		{938E51EE-5C9F-44B8-9791-F05C3EBA2316}.Release|Any CPU.Build.0 = Release|Any CPU
		{CE184DD7-12E8-40DE-9ED0-69F22C4E1C43}.Debug|Any CPU.ActiveCfg = Debug|Any CPU
		{CE184DD7-12E8-40DE-9ED0-69F22C4E1C43}.Debug|Any CPU.Build.0 = Debug|Any CPU
		{CE184DD7-12E8-40DE-9ED0-69F22C4E1C43}.Release|Any CPU.ActiveCfg = Release|Any CPU
		{CE184DD7-12E8-40DE-9ED0-69F22C4E1C43}.Release|Any CPU.Build.0 = Release|Any CPU
		{66D51896-0B51-4CBF-BDA8-8FF06E8E6479}.Debug|Any CPU.ActiveCfg = Debug|Any CPU
		{66D51896-0B51-4CBF-BDA8-8FF06E8E6479}.Debug|Any CPU.Build.0 = Debug|Any CPU
		{66D51896-0B51-4CBF-BDA8-8FF06E8E6479}.Release|Any CPU.ActiveCfg = Release|Any CPU
		{66D51896-0B51-4CBF-BDA8-8FF06E8E6479}.Release|Any CPU.Build.0 = Release|Any CPU
		{826CDB35-DEB7-4CD7-A67B-40AFE8A1EF64}.Debug|Any CPU.ActiveCfg = Debug|Any CPU
		{826CDB35-DEB7-4CD7-A67B-40AFE8A1EF64}.Debug|Any CPU.Build.0 = Debug|Any CPU
		{826CDB35-DEB7-4CD7-A67B-40AFE8A1EF64}.Release|Any CPU.ActiveCfg = Release|Any CPU
		{826CDB35-DEB7-4CD7-A67B-40AFE8A1EF64}.Release|Any CPU.Build.0 = Release|Any CPU
		{582B335C-2CFE-4812-91A2-505007043918}.Debug|Any CPU.ActiveCfg = Debug|Any CPU
		{582B335C-2CFE-4812-91A2-505007043918}.Debug|Any CPU.Build.0 = Debug|Any CPU
		{582B335C-2CFE-4812-91A2-505007043918}.Release|Any CPU.ActiveCfg = Release|Any CPU
		{582B335C-2CFE-4812-91A2-505007043918}.Release|Any CPU.Build.0 = Release|Any CPU
	EndGlobalSection
	GlobalSection(SolutionProperties) = preSolution
		HideSolutionNode = FALSE
	EndGlobalSection
	GlobalSection(NestedProjects) = preSolution
		{82AA052C-CC5F-4C88-A22A-5EE321BD106D} = {3AF00729-1F6D-45F0-9E11-1EBF390AC29C}
		{FF658A93-D96F-4C76-8313-2A2C2C7A7941} = {3AF00729-1F6D-45F0-9E11-1EBF390AC29C}
		{353E15DC-8D23-4A5D-A861-3F40DCD7039B} = {3AF00729-1F6D-45F0-9E11-1EBF390AC29C}
		{541466F2-B124-4140-B89A-53F1210FDFB1} = {3AF00729-1F6D-45F0-9E11-1EBF390AC29C}
		{50F027DD-26CC-4E7D-A820-9176EE6864D8} = {82AA052C-CC5F-4C88-A22A-5EE321BD106D}
		{6AB30134-465C-41A6-B1AA-62B43DE758C2} = {82AA052C-CC5F-4C88-A22A-5EE321BD106D}
		{80FFD3D7-94E0-4F92-8E21-B004961E9B9A} = {82AA052C-CC5F-4C88-A22A-5EE321BD106D}
		{22E98B0B-CA1A-4332-B7F8-D145FD1482BF} = {FF658A93-D96F-4C76-8313-2A2C2C7A7941}
		{18240249-9F96-4D42-AE1A-B7C211D1B188} = {353E15DC-8D23-4A5D-A861-3F40DCD7039B}
		{04DB6E16-FAF3-45FF-9271-33FB517A7EC4} = {50F027DD-26CC-4E7D-A820-9176EE6864D8}
		{1B2ED144-5735-44C4-BB79-6522030D5564} = {50F027DD-26CC-4E7D-A820-9176EE6864D8}
		{603E4E70-D22A-4047-9B1E-585DC895653D} = {6AB30134-465C-41A6-B1AA-62B43DE758C2}
		{938E51EE-5C9F-44B8-9791-F05C3EBA2316} = {80FFD3D7-94E0-4F92-8E21-B004961E9B9A}
		{CE184DD7-12E8-40DE-9ED0-69F22C4E1C43} = {541466F2-B124-4140-B89A-53F1210FDFB1}
		{66D51896-0B51-4CBF-BDA8-8FF06E8E6479} = {541466F2-B124-4140-B89A-53F1210FDFB1}
		{826CDB35-DEB7-4CD7-A67B-40AFE8A1EF64} = {541466F2-B124-4140-B89A-53F1210FDFB1}
		{582B335C-2CFE-4812-91A2-505007043918} = {22E98B0B-CA1A-4332-B7F8-D145FD1482BF}
	EndGlobalSection
	GlobalSection(ExtensibilityGlobals) = postSolution
		SolutionGuid = {E6588E62-BC26-4E94-98B2-3D5D883B4A0D}
	EndGlobalSection
EndGlobal
